
Microsoft Visual Studio Solution File, Format Version 12.00
# Visual Studio Version 16
VisualStudioVersion = 16.0.30907.101
MinimumVisualStudioVersion = 10.0.40219.1
Project("{8BC9CEB8-8B4A-11D0-8D11-00A0C91BC942}") = "CrashLogger", "CrashLogger.vcxproj", "{B9492785-E9A2-42BA-A6C0-5AFE14FA3614}"
EndProject
Global
	GlobalSection(SolutionConfigurationPlatforms) = preSolution
		Debug|x64 = Debug|x64
		Debug|x86 = Debug|x86
		Release|x64 = Release|x64
		Release|x86 = Release|x86
	EndGlobalSection
	GlobalSection(ProjectConfigurationPlatforms) = postSolution
		{B9492785-E9A2-42BA-A6C0-5AFE14FA3614}.Debug|x64.ActiveCfg = Debug|x64
		{B9492785-E9A2-42BA-A6C0-5AFE14FA3614}.Debug|x64.Build.0 = Debug|x64
		{B9492785-E9A2-42BA-A6C0-5AFE14FA3614}.Debug|x86.ActiveCfg = Debug|Win32
		{B9492785-E9A2-42BA-A6C0-5AFE14FA3614}.Debug|x86.Build.0 = Debug|Win32
		{B9492785-E9A2-42BA-A6C0-5AFE14FA3614}.Release|x64.ActiveCfg = Release|x64
		{B9492785-E9A2-42BA-A6C0-5AFE14FA3614}.Release|x64.Build.0 = Release|x64
		{B9492785-E9A2-42BA-A6C0-5AFE14FA3614}.Release|x86.ActiveCfg = Release|Win32
		{B9492785-E9A2-42BA-A6C0-5AFE14FA3614}.Release|x86.Build.0 = Release|Win32
	EndGlobalSection
	GlobalSection(SolutionProperties) = preSolution
		HideSolutionNode = FALSE
	EndGlobalSection
	GlobalSection(ExtensibilityGlobals) = postSolution
		SolutionGuid = {29B42EF8-B025-4731-B09B-70A1AB99F47C}
	EndGlobalSection
EndGlobal
